
Microsoft Visual Studio Solution File, Format Version 12.00
# Visual Studio Version 16
VisualStudioVersion = 16.0.30907.101
MinimumVisualStudioVersion = 10.0.40219.1
Project("{FAE04EC0-301F-11D3-BF4B-00C04F79EFBC}") = "BookStoreEditor", "BookStoreEditor\BookStoreEditor.csproj", "{6EA408D1-403B-4977-ABD4-A94B52144F8B}"
EndProject
Global
	GlobalSection(SolutionConfigurationPlatforms) = preSolution
		Debug|Any CPU = Debug|Any CPU
		Release|Any CPU = Release|Any CPU
	EndGlobalSection
	GlobalSection(ProjectConfigurationPlatforms) = postSolution
		{6EA408D1-403B-4977-ABD4-A94B52144F8B}.Debug|Any CPU.ActiveCfg = Debug|Any CPU
		{6EA408D1-403B-4977-ABD4-A94B52144F8B}.Debug|Any CPU.Build.0 = Debug|Any CPU
		{6EA408D1-403B-4977-ABD4-A94B52144F8B}.Release|Any CPU.ActiveCfg = Release|Any CPU
		{6EA408D1-403B-4977-ABD4-A94B52144F8B}.Release|Any CPU.Build.0 = Release|Any CPU
	EndGlobalSection
	GlobalSection(SolutionProperties) = preSolution
		HideSolutionNode = FALSE
	EndGlobalSection
	GlobalSection(ExtensibilityGlobals) = postSolution
		SolutionGuid = {0C382882-DA16-4D57-9FA5-5080E0EFA710}
	EndGlobalSection
EndGlobal
