
Microsoft Visual Studio Solution File, Format Version 12.00
# Visual Studio Version 16
VisualStudioVersion = 16.0.30907.101
MinimumVisualStudioVersion = 10.0.40219.1
Project("{FAE04EC0-301F-11D3-BF4B-00C04F79EFBC}") = "task_01", "task_01\task_01.csproj", "{9EA11DA8-CD18-48AF-807A-BF5801F0C478}"
EndProject
Global
	GlobalSection(SolutionConfigurationPlatforms) = preSolution
		Debug|Any CPU = Debug|Any CPU
		Release|Any CPU = Release|Any CPU
	EndGlobalSection
	GlobalSection(ProjectConfigurationPlatforms) = postSolution
		{9EA11DA8-CD18-48AF-807A-BF5801F0C478}.Debug|Any CPU.ActiveCfg = Debug|Any CPU
		{9EA11DA8-CD18-48AF-807A-BF5801F0C478}.Debug|Any CPU.Build.0 = Debug|Any CPU
		{9EA11DA8-CD18-48AF-807A-BF5801F0C478}.Release|Any CPU.ActiveCfg = Release|Any CPU
		{9EA11DA8-CD18-48AF-807A-BF5801F0C478}.Release|Any CPU.Build.0 = Release|Any CPU
	EndGlobalSection
	GlobalSection(SolutionProperties) = preSolution
		HideSolutionNode = FALSE
	EndGlobalSection
	GlobalSection(ExtensibilityGlobals) = postSolution
		SolutionGuid = {5234CC3C-4585-4D32-A868-6125708FD34B}
	EndGlobalSection
EndGlobal
